
Microsoft Visual Studio Solution File, Format Version 12.00
# Visual Studio Version 17
VisualStudioVersion = 17.2.32602.215
MinimumVisualStudioVersion = 10.0.40219.1
Project("{FAE04EC0-301F-11D3-BF4B-00C04F79EFBC}") = "AHMET KAYA", "AHMET KAYA\AHMET KAYA.csproj", "{B66EE536-FB75-43AD-AE3D-B912893411B6}"
EndProject
Global
	GlobalSection(SolutionConfigurationPlatforms) = preSolution
		Debug|Any CPU = Debug|Any CPU
		Release|Any CPU = Release|Any CPU
	EndGlobalSection
	GlobalSection(ProjectConfigurationPlatforms) = postSolution
		{B66EE536-FB75-43AD-AE3D-B912893411B6}.Debug|Any CPU.ActiveCfg = Debug|Any CPU
		{B66EE536-FB75-43AD-AE3D-B912893411B6}.Debug|Any CPU.Build.0 = Debug|Any CPU
		{B66EE536-FB75-43AD-AE3D-B912893411B6}.Release|Any CPU.ActiveCfg = Release|Any CPU
		{B66EE536-FB75-43AD-AE3D-B912893411B6}.Release|Any CPU.Build.0 = Release|Any CPU
	EndGlobalSection
	GlobalSection(SolutionProperties) = preSolution
		HideSolutionNode = FALSE
	EndGlobalSection
	GlobalSection(ExtensibilityGlobals) = postSolution
		SolutionGuid = {6C0EA4B3-5DEF-4157-AF68-63A71C83C1DA}
	EndGlobalSection
EndGlobal
